
Microsoft Visual Studio Solution File, Format Version 12.00
Project("{2150E333-8FDC-42A3-9474-1A3956D46DE8}") = "src", "src", "{4C75A2CF-280E-41AE-BBDD-AA43D7DC1DD9}"
EndProject
Project("{FAE04EC0-301F-11D3-BF4B-00C04F79EFBC}") = "Domain", "Domain\Domain.csproj", "{B60F8155-6B57-44AF-B979-8351BB422E4F}"
EndProject
Project("{FAE04EC0-301F-11D3-BF4B-00C04F79EFBC}") = "Application", "Application\Application.csproj", "{D7332CD4-4640-4213-9F1C-424DF0F60461}"
EndProject
Project("{FAE04EC0-301F-11D3-BF4B-00C04F79EFBC}") = "Infrastructure", "Infrastructure\Infrastructure.csproj", "{50BD36ED-0FD2-43A0-B276-F6E8EE4B697A}"
EndProject
Project("{FAE04EC0-301F-11D3-BF4B-00C04F79EFBC}") = "Presentation", "Presentation\Presentation.csproj", "{E7855876-A13E-43B5-97DE-B260B81BCD08}"
EndProject
Project("{FAE04EC0-301F-11D3-BF4B-00C04F79EFBC}") = "WebAPI", "WebAPI\WebAPI.csproj", "{B74B72A1-E05E-4F7F-BF42-3694154423DE}"
EndProject
Global
	GlobalSection(SolutionConfigurationPlatforms) = preSolution
		Debug|Any CPU = Debug|Any CPU
		Release|Any CPU = Release|Any CPU
	EndGlobalSection
	GlobalSection(NestedProjects) = preSolution
		{B60F8155-6B57-44AF-B979-8351BB422E4F} = {4C75A2CF-280E-41AE-BBDD-AA43D7DC1DD9}
		{D7332CD4-4640-4213-9F1C-424DF0F60461} = {4C75A2CF-280E-41AE-BBDD-AA43D7DC1DD9}
		{50BD36ED-0FD2-43A0-B276-F6E8EE4B697A} = {4C75A2CF-280E-41AE-BBDD-AA43D7DC1DD9}
		{E7855876-A13E-43B5-97DE-B260B81BCD08} = {4C75A2CF-280E-41AE-BBDD-AA43D7DC1DD9}
		{B74B72A1-E05E-4F7F-BF42-3694154423DE} = {4C75A2CF-280E-41AE-BBDD-AA43D7DC1DD9}
	EndGlobalSection
	GlobalSection(ProjectConfigurationPlatforms) = postSolution
		{B60F8155-6B57-44AF-B979-8351BB422E4F}.Debug|Any CPU.ActiveCfg = Debug|Any CPU
		{B60F8155-6B57-44AF-B979-8351BB422E4F}.Debug|Any CPU.Build.0 = Debug|Any CPU
		{B60F8155-6B57-44AF-B979-8351BB422E4F}.Release|Any CPU.ActiveCfg = Release|Any CPU
		{B60F8155-6B57-44AF-B979-8351BB422E4F}.Release|Any CPU.Build.0 = Release|Any CPU
		{D7332CD4-4640-4213-9F1C-424DF0F60461}.Debug|Any CPU.ActiveCfg = Debug|Any CPU
		{D7332CD4-4640-4213-9F1C-424DF0F60461}.Debug|Any CPU.Build.0 = Debug|Any CPU
		{D7332CD4-4640-4213-9F1C-424DF0F60461}.Release|Any CPU.ActiveCfg = Release|Any CPU
		{D7332CD4-4640-4213-9F1C-424DF0F60461}.Release|Any CPU.Build.0 = Release|Any CPU
		{50BD36ED-0FD2-43A0-B276-F6E8EE4B697A}.Debug|Any CPU.ActiveCfg = Debug|Any CPU
		{50BD36ED-0FD2-43A0-B276-F6E8EE4B697A}.Debug|Any CPU.Build.0 = Debug|Any CPU
		{50BD36ED-0FD2-43A0-B276-F6E8EE4B697A}.Release|Any CPU.ActiveCfg = Release|Any CPU
		{50BD36ED-0FD2-43A0-B276-F6E8EE4B697A}.Release|Any CPU.Build.0 = Release|Any CPU
		{E7855876-A13E-43B5-97DE-B260B81BCD08}.Debug|Any CPU.ActiveCfg = Debug|Any CPU
		{E7855876-A13E-43B5-97DE-B260B81BCD08}.Debug|Any CPU.Build.0 = Debug|Any CPU
		{E7855876-A13E-43B5-97DE-B260B81BCD08}.Release|Any CPU.ActiveCfg = Release|Any CPU
		{E7855876-A13E-43B5-97DE-B260B81BCD08}.Release|Any CPU.Build.0 = Release|Any CPU
		{B74B72A1-E05E-4F7F-BF42-3694154423DE}.Debug|Any CPU.ActiveCfg = Debug|Any CPU
		{B74B72A1-E05E-4F7F-BF42-3694154423DE}.Debug|Any CPU.Build.0 = Debug|Any CPU
		{B74B72A1-E05E-4F7F-BF42-3694154423DE}.Release|Any CPU.ActiveCfg = Release|Any CPU
		{B74B72A1-E05E-4F7F-BF42-3694154423DE}.Release|Any CPU.Build.0 = Release|Any CPU
	EndGlobalSection
EndGlobal
